{
  "pins" : [
    {
      "identity" : "glean-swift",
      "kind" : "remoteSourceControl",
      "location" : "https://github.com/mozilla/glean-swift",
      "state" : {
        "revision" : "3fad3a6837f9840dd0f26a18ca08952548bb8f2d",
        "version" : "52.4.3"
      }
    }
  ],
  "version" : 2
}
